
Microsoft Visual Studio Solution File, Format Version 12.00
# Visual Studio Version 17
VisualStudioVersion = 17.13.35806.99
MinimumVisualStudioVersion = 10.0.40219.1
Project("{FAE04EC0-301F-11D3-BF4B-00C04F79EFBC}") = "SSMSMint.VSIX", "SSMSMint.VSIX\SSMSMint.VSIX.csproj", "{55D94BD1-D084-45B2-9CEF-402B61138949}"
EndProject
Project("{FAE04EC0-301F-11D3-BF4B-00C04F79EFBC}") = "SSMSMint.Shared", "SSMSMint.Shared\SSMSMint.Shared.csproj", "{89029C6B-92FD-F8E8-A8F3-799FA3A3A203}"
EndProject
Project("{FAE04EC0-301F-11D3-BF4B-00C04F79EFBC}") = "SSMSMint.LocateInObjectExplorer", "SSMSMint.LocateInObjectExplorer\SSMSMint.LocateInObjectExplorer.csproj", "{4A40B76D-D5DE-C0C4-80D1-AC96362664F1}"
EndProject
Project("{FAE04EC0-301F-11D3-BF4B-00C04F79EFBC}") = "SSMSMint.MixedLangInScriptWordsCheck", "SSMSMint.MixedLangInScriptWordsCheck\SSMSMint.MixedLangInScriptWordsCheck.csproj", "{ED15BD55-C0DE-5E2D-DBB2-DAE94A63E228}"
EndProject
Project("{FAE04EC0-301F-11D3-BF4B-00C04F79EFBC}") = "SSMSMint.Regions", "SSMSMint.Regions\SSMSMint.Regions.csproj", "{1440C270-CDD2-2B70-ECAE-A30ACAF810E5}"
EndProject
Project("{FAE04EC0-301F-11D3-BF4B-00C04F79EFBC}") = "SSMSMint.ResultsGridSearch", "SSMSMint.ResultsGridSearch\SSMSMint.ResultsGridSearch.csproj", "{57F4FED3-76B4-3448-2520-87B0DFD7EC4F}"
EndProject
Project("{FAE04EC0-301F-11D3-BF4B-00C04F79EFBC}") = "SSMSMint.ScriptSqlObject", "SSMSMint.ScriptSqlObject\SSMSMint.ScriptSqlObject.csproj", "{18074C46-4876-2E3E-C19D-2BE09F7D1592}"
EndProject
Global
	GlobalSection(SolutionConfigurationPlatforms) = preSolution
		Debug|Any CPU = Debug|Any CPU
		Debug|x86 = Debug|x86
		Release|Any CPU = Release|Any CPU
		Release|x86 = Release|x86
		SSMS19_Debug|Any CPU = SSMS19_Debug|Any CPU
		SSMS19_Debug|x86 = SSMS19_Debug|x86
		SSMS19_Release|Any CPU = SSMS19_Release|Any CPU
		SSMS19_Release|x86 = SSMS19_Release|x86
		SSMS20_Debug|Any CPU = SSMS20_Debug|Any CPU
		SSMS20_Debug|x86 = SSMS20_Debug|x86
		SSMS20_Release|Any CPU = SSMS20_Release|Any CPU
		SSMS20_Release|x86 = SSMS20_Release|x86
		SSMS21_Debug|Any CPU = SSMS21_Debug|Any CPU
		SSMS21_Debug|x86 = SSMS21_Debug|x86
		SSMS21_Release|Any CPU = SSMS21_Release|Any CPU
		SSMS21_Release|x86 = SSMS21_Release|x86
	EndGlobalSection
	GlobalSection(ProjectConfigurationPlatforms) = postSolution
		{55D94BD1-D084-45B2-9CEF-402B61138949}.Debug|Any CPU.ActiveCfg = SSMS19_Debug|Any CPU
		{55D94BD1-D084-45B2-9CEF-402B61138949}.Debug|Any CPU.Build.0 = SSMS19_Debug|Any CPU
		{55D94BD1-D084-45B2-9CEF-402B61138949}.Debug|x86.ActiveCfg = Debug|x86
		{55D94BD1-D084-45B2-9CEF-402B61138949}.Debug|x86.Build.0 = Debug|x86
		{55D94BD1-D084-45B2-9CEF-402B61138949}.Release|Any CPU.ActiveCfg = Release|Any CPU
		{55D94BD1-D084-45B2-9CEF-402B61138949}.Release|Any CPU.Build.0 = Release|Any CPU
		{55D94BD1-D084-45B2-9CEF-402B61138949}.Release|x86.ActiveCfg = Release|x86
		{55D94BD1-D084-45B2-9CEF-402B61138949}.Release|x86.Build.0 = Release|x86
		{55D94BD1-D084-45B2-9CEF-402B61138949}.SSMS19_Debug|Any CPU.ActiveCfg = SSMS19_Debug|Any CPU
		{55D94BD1-D084-45B2-9CEF-402B61138949}.SSMS19_Debug|Any CPU.Build.0 = SSMS19_Debug|Any CPU
		{55D94BD1-D084-45B2-9CEF-402B61138949}.SSMS19_Debug|x86.ActiveCfg = SSMS19_Debug|x86
		{55D94BD1-D084-45B2-9CEF-402B61138949}.SSMS19_Debug|x86.Build.0 = SSMS19_Debug|x86
		{55D94BD1-D084-45B2-9CEF-402B61138949}.SSMS19_Release|Any CPU.ActiveCfg = SSMS19_Release|Any CPU
		{55D94BD1-D084-45B2-9CEF-402B61138949}.SSMS19_Release|Any CPU.Build.0 = SSMS19_Release|Any CPU
		{55D94BD1-D084-45B2-9CEF-402B61138949}.SSMS19_Release|x86.ActiveCfg = SSMS19_Release|x86
		{55D94BD1-D084-45B2-9CEF-402B61138949}.SSMS19_Release|x86.Build.0 = SSMS19_Release|x86
		{55D94BD1-D084-45B2-9CEF-402B61138949}.SSMS20_Debug|Any CPU.ActiveCfg = SSMS20_Debug|Any CPU
		{55D94BD1-D084-45B2-9CEF-402B61138949}.SSMS20_Debug|Any CPU.Build.0 = SSMS20_Debug|Any CPU
		{55D94BD1-D084-45B2-9CEF-402B61138949}.SSMS20_Debug|x86.ActiveCfg = SSMS20_Debug|x86
		{55D94BD1-D084-45B2-9CEF-402B61138949}.SSMS20_Debug|x86.Build.0 = SSMS20_Debug|x86
		{55D94BD1-D084-45B2-9CEF-402B61138949}.SSMS20_Release|Any CPU.ActiveCfg = SSMS20_Release|Any CPU
		{55D94BD1-D084-45B2-9CEF-402B61138949}.SSMS20_Release|Any CPU.Build.0 = SSMS20_Release|Any CPU
		{55D94BD1-D084-45B2-9CEF-402B61138949}.SSMS20_Release|x86.ActiveCfg = SSMS20_Release|x86
		{55D94BD1-D084-45B2-9CEF-402B61138949}.SSMS20_Release|x86.Build.0 = SSMS20_Release|x86
		{55D94BD1-D084-45B2-9CEF-402B61138949}.SSMS21_Debug|Any CPU.ActiveCfg = SSMS21_Debug|Any CPU
		{55D94BD1-D084-45B2-9CEF-402B61138949}.SSMS21_Debug|Any CPU.Build.0 = SSMS21_Debug|Any CPU
		{55D94BD1-D084-45B2-9CEF-402B61138949}.SSMS21_Debug|x86.ActiveCfg = SSMS21_Debug|x86
		{55D94BD1-D084-45B2-9CEF-402B61138949}.SSMS21_Debug|x86.Build.0 = SSMS21_Debug|x86
		{55D94BD1-D084-45B2-9CEF-402B61138949}.SSMS21_Release|Any CPU.ActiveCfg = SSMS21_Release|Any CPU
		{55D94BD1-D084-45B2-9CEF-402B61138949}.SSMS21_Release|Any CPU.Build.0 = SSMS21_Release|Any CPU
		{55D94BD1-D084-45B2-9CEF-402B61138949}.SSMS21_Release|x86.ActiveCfg = SSMS21_Release|x86
		{55D94BD1-D084-45B2-9CEF-402B61138949}.SSMS21_Release|x86.Build.0 = SSMS21_Release|x86
		{89029C6B-92FD-F8E8-A8F3-799FA3A3A203}.Debug|Any CPU.ActiveCfg = SSMS19_Debug|Any CPU
		{89029C6B-92FD-F8E8-A8F3-799FA3A3A203}.Debug|Any CPU.Build.0 = SSMS19_Debug|Any CPU
		{89029C6B-92FD-F8E8-A8F3-799FA3A3A203}.Debug|x86.ActiveCfg = SSMS19_Debug|Any CPU
		{89029C6B-92FD-F8E8-A8F3-799FA3A3A203}.Debug|x86.Build.0 = SSMS19_Debug|Any CPU
		{89029C6B-92FD-F8E8-A8F3-799FA3A3A203}.Release|Any CPU.ActiveCfg = SSMS19_Debug|Any CPU
		{89029C6B-92FD-F8E8-A8F3-799FA3A3A203}.Release|Any CPU.Build.0 = SSMS19_Debug|Any CPU
		{89029C6B-92FD-F8E8-A8F3-799FA3A3A203}.Release|x86.ActiveCfg = SSMS19_Debug|Any CPU
		{89029C6B-92FD-F8E8-A8F3-799FA3A3A203}.Release|x86.Build.0 = SSMS19_Debug|Any CPU
		{89029C6B-92FD-F8E8-A8F3-799FA3A3A203}.SSMS19_Debug|Any CPU.ActiveCfg = SSMS19_Debug|Any CPU
		{89029C6B-92FD-F8E8-A8F3-799FA3A3A203}.SSMS19_Debug|Any CPU.Build.0 = SSMS19_Debug|Any CPU
		{89029C6B-92FD-F8E8-A8F3-799FA3A3A203}.SSMS19_Debug|x86.ActiveCfg = SSMS19_Debug|Any CPU
		{89029C6B-92FD-F8E8-A8F3-799FA3A3A203}.SSMS19_Debug|x86.Build.0 = SSMS19_Debug|Any CPU
		{89029C6B-92FD-F8E8-A8F3-799FA3A3A203}.SSMS19_Release|Any CPU.ActiveCfg = SSMS19_Release|Any CPU
		{89029C6B-92FD-F8E8-A8F3-799FA3A3A203}.SSMS19_Release|Any CPU.Build.0 = SSMS19_Release|Any CPU
		{89029C6B-92FD-F8E8-A8F3-799FA3A3A203}.SSMS19_Release|x86.ActiveCfg = SSMS19_Release|Any CPU
		{89029C6B-92FD-F8E8-A8F3-799FA3A3A203}.SSMS19_Release|x86.Build.0 = SSMS19_Release|Any CPU
		{89029C6B-92FD-F8E8-A8F3-799FA3A3A203}.SSMS20_Debug|Any CPU.ActiveCfg = SSMS20_Debug|Any CPU
		{89029C6B-92FD-F8E8-A8F3-799FA3A3A203}.SSMS20_Debug|Any CPU.Build.0 = SSMS20_Debug|Any CPU
		{89029C6B-92FD-F8E8-A8F3-799FA3A3A203}.SSMS20_Debug|x86.ActiveCfg = SSMS20_Debug|Any CPU
		{89029C6B-92FD-F8E8-A8F3-799FA3A3A203}.SSMS20_Debug|x86.Build.0 = SSMS20_Debug|Any CPU
		{89029C6B-92FD-F8E8-A8F3-799FA3A3A203}.SSMS20_Release|Any CPU.ActiveCfg = SSMS20_Release|Any CPU
		{89029C6B-92FD-F8E8-A8F3-799FA3A3A203}.SSMS20_Release|Any CPU.Build.0 = SSMS20_Release|Any CPU
		{89029C6B-92FD-F8E8-A8F3-799FA3A3A203}.SSMS20_Release|x86.ActiveCfg = SSMS20_Release|Any CPU
		{89029C6B-92FD-F8E8-A8F3-799FA3A3A203}.SSMS20_Release|x86.Build.0 = SSMS20_Release|Any CPU
		{89029C6B-92FD-F8E8-A8F3-799FA3A3A203}.SSMS21_Debug|Any CPU.ActiveCfg = SSMS21_Debug|Any CPU
		{89029C6B-92FD-F8E8-A8F3-799FA3A3A203}.SSMS21_Debug|Any CPU.Build.0 = SSMS21_Debug|Any CPU
		{89029C6B-92FD-F8E8-A8F3-799FA3A3A203}.SSMS21_Debug|x86.ActiveCfg = SSMS21_Debug|Any CPU
		{89029C6B-92FD-F8E8-A8F3-799FA3A3A203}.SSMS21_Debug|x86.Build.0 = SSMS21_Debug|Any CPU
		{89029C6B-92FD-F8E8-A8F3-799FA3A3A203}.SSMS21_Release|Any CPU.ActiveCfg = SSMS21_Release|Any CPU
		{89029C6B-92FD-F8E8-A8F3-799FA3A3A203}.SSMS21_Release|Any CPU.Build.0 = SSMS21_Release|Any CPU
		{89029C6B-92FD-F8E8-A8F3-799FA3A3A203}.SSMS21_Release|x86.ActiveCfg = SSMS21_Release|Any CPU
		{89029C6B-92FD-F8E8-A8F3-799FA3A3A203}.SSMS21_Release|x86.Build.0 = SSMS21_Release|Any CPU
		{4A40B76D-D5DE-C0C4-80D1-AC96362664F1}.Debug|Any CPU.ActiveCfg = SSMS19_Debug|Any CPU
		{4A40B76D-D5DE-C0C4-80D1-AC96362664F1}.Debug|Any CPU.Build.0 = SSMS19_Debug|Any CPU
		{4A40B76D-D5DE-C0C4-80D1-AC96362664F1}.Debug|x86.ActiveCfg = SSMS19_Debug|Any CPU
		{4A40B76D-D5DE-C0C4-80D1-AC96362664F1}.Debug|x86.Build.0 = SSMS19_Debug|Any CPU
		{4A40B76D-D5DE-C0C4-80D1-AC96362664F1}.Release|Any CPU.ActiveCfg = SSMS19_Debug|Any CPU
		{4A40B76D-D5DE-C0C4-80D1-AC96362664F1}.Release|Any CPU.Build.0 = SSMS19_Debug|Any CPU
		{4A40B76D-D5DE-C0C4-80D1-AC96362664F1}.Release|x86.ActiveCfg = SSMS19_Debug|Any CPU
		{4A40B76D-D5DE-C0C4-80D1-AC96362664F1}.Release|x86.Build.0 = SSMS19_Debug|Any CPU
		{4A40B76D-D5DE-C0C4-80D1-AC96362664F1}.SSMS19_Debug|Any CPU.ActiveCfg = SSMS19_Debug|Any CPU
		{4A40B76D-D5DE-C0C4-80D1-AC96362664F1}.SSMS19_Debug|Any CPU.Build.0 = SSMS19_Debug|Any CPU
		{4A40B76D-D5DE-C0C4-80D1-AC96362664F1}.SSMS19_Debug|x86.ActiveCfg = SSMS19_Debug|Any CPU
		{4A40B76D-D5DE-C0C4-80D1-AC96362664F1}.SSMS19_Debug|x86.Build.0 = SSMS19_Debug|Any CPU
		{4A40B76D-D5DE-C0C4-80D1-AC96362664F1}.SSMS19_Release|Any CPU.ActiveCfg = SSMS19_Release|Any CPU
		{4A40B76D-D5DE-C0C4-80D1-AC96362664F1}.SSMS19_Release|Any CPU.Build.0 = SSMS19_Release|Any CPU
		{4A40B76D-D5DE-C0C4-80D1-AC96362664F1}.SSMS19_Release|x86.ActiveCfg = SSMS19_Release|Any CPU
		{4A40B76D-D5DE-C0C4-80D1-AC96362664F1}.SSMS19_Release|x86.Build.0 = SSMS19_Release|Any CPU
		{4A40B76D-D5DE-C0C4-80D1-AC96362664F1}.SSMS20_Debug|Any CPU.ActiveCfg = SSMS20_Debug|Any CPU
		{4A40B76D-D5DE-C0C4-80D1-AC96362664F1}.SSMS20_Debug|Any CPU.Build.0 = SSMS20_Debug|Any CPU
		{4A40B76D-D5DE-C0C4-80D1-AC96362664F1}.SSMS20_Debug|x86.ActiveCfg = SSMS20_Debug|Any CPU
		{4A40B76D-D5DE-C0C4-80D1-AC96362664F1}.SSMS20_Debug|x86.Build.0 = SSMS20_Debug|Any CPU
		{4A40B76D-D5DE-C0C4-80D1-AC96362664F1}.SSMS20_Release|Any CPU.ActiveCfg = SSMS20_Release|Any CPU
		{4A40B76D-D5DE-C0C4-80D1-AC96362664F1}.SSMS20_Release|Any CPU.Build.0 = SSMS20_Release|Any CPU
		{4A40B76D-D5DE-C0C4-80D1-AC96362664F1}.SSMS20_Release|x86.ActiveCfg = SSMS20_Release|Any CPU
		{4A40B76D-D5DE-C0C4-80D1-AC96362664F1}.SSMS20_Release|x86.Build.0 = SSMS20_Release|Any CPU
		{4A40B76D-D5DE-C0C4-80D1-AC96362664F1}.SSMS21_Debug|Any CPU.ActiveCfg = SSMS21_Debug|Any CPU
		{4A40B76D-D5DE-C0C4-80D1-AC96362664F1}.SSMS21_Debug|Any CPU.Build.0 = SSMS21_Debug|Any CPU
		{4A40B76D-D5DE-C0C4-80D1-AC96362664F1}.SSMS21_Debug|x86.ActiveCfg = SSMS21_Debug|Any CPU
		{4A40B76D-D5DE-C0C4-80D1-AC96362664F1}.SSMS21_Debug|x86.Build.0 = SSMS21_Debug|Any CPU
		{4A40B76D-D5DE-C0C4-80D1-AC96362664F1}.SSMS21_Release|Any CPU.ActiveCfg = SSMS21_Release|Any CPU
		{4A40B76D-D5DE-C0C4-80D1-AC96362664F1}.SSMS21_Release|Any CPU.Build.0 = SSMS21_Release|Any CPU
		{4A40B76D-D5DE-C0C4-80D1-AC96362664F1}.SSMS21_Release|x86.ActiveCfg = SSMS21_Release|Any CPU
		{4A40B76D-D5DE-C0C4-80D1-AC96362664F1}.SSMS21_Release|x86.Build.0 = SSMS21_Release|Any CPU
		{ED15BD55-C0DE-5E2D-DBB2-DAE94A63E228}.Debug|Any CPU.ActiveCfg = SSMS19_Debug|Any CPU
		{ED15BD55-C0DE-5E2D-DBB2-DAE94A63E228}.Debug|Any CPU.Build.0 = SSMS19_Debug|Any CPU
		{ED15BD55-C0DE-5E2D-DBB2-DAE94A63E228}.Debug|x86.ActiveCfg = SSMS19_Debug|Any CPU
		{ED15BD55-C0DE-5E2D-DBB2-DAE94A63E228}.Debug|x86.Build.0 = SSMS19_Debug|Any CPU
		{ED15BD55-C0DE-5E2D-DBB2-DAE94A63E228}.Release|Any CPU.ActiveCfg = SSMS19_Debug|Any CPU
		{ED15BD55-C0DE-5E2D-DBB2-DAE94A63E228}.Release|Any CPU.Build.0 = SSMS19_Debug|Any CPU
		{ED15BD55-C0DE-5E2D-DBB2-DAE94A63E228}.Release|x86.ActiveCfg = SSMS19_Debug|Any CPU
		{ED15BD55-C0DE-5E2D-DBB2-DAE94A63E228}.Release|x86.Build.0 = SSMS19_Debug|Any CPU
		{ED15BD55-C0DE-5E2D-DBB2-DAE94A63E228}.SSMS19_Debug|Any CPU.ActiveCfg = SSMS19_Debug|Any CPU
		{ED15BD55-C0DE-5E2D-DBB2-DAE94A63E228}.SSMS19_Debug|Any CPU.Build.0 = SSMS19_Debug|Any CPU
		{ED15BD55-C0DE-5E2D-DBB2-DAE94A63E228}.SSMS19_Debug|x86.ActiveCfg = SSMS19_Debug|Any CPU
		{ED15BD55-C0DE-5E2D-DBB2-DAE94A63E228}.SSMS19_Debug|x86.Build.0 = SSMS19_Debug|Any CPU
		{ED15BD55-C0DE-5E2D-DBB2-DAE94A63E228}.SSMS19_Release|Any CPU.ActiveCfg = SSMS19_Release|Any CPU
		{ED15BD55-C0DE-5E2D-DBB2-DAE94A63E228}.SSMS19_Release|Any CPU.Build.0 = SSMS19_Release|Any CPU
		{ED15BD55-C0DE-5E2D-DBB2-DAE94A63E228}.SSMS19_Release|x86.ActiveCfg = SSMS19_Release|Any CPU
		{ED15BD55-C0DE-5E2D-DBB2-DAE94A63E228}.SSMS19_Release|x86.Build.0 = SSMS19_Release|Any CPU
		{ED15BD55-C0DE-5E2D-DBB2-DAE94A63E228}.SSMS20_Debug|Any CPU.ActiveCfg = SSMS20_Debug|Any CPU
		{ED15BD55-C0DE-5E2D-DBB2-DAE94A63E228}.SSMS20_Debug|Any CPU.Build.0 = SSMS20_Debug|Any CPU
		{ED15BD55-C0DE-5E2D-DBB2-DAE94A63E228}.SSMS20_Debug|x86.ActiveCfg = SSMS20_Debug|Any CPU
		{ED15BD55-C0DE-5E2D-DBB2-DAE94A63E228}.SSMS20_Debug|x86.Build.0 = SSMS20_Debug|Any CPU
		{ED15BD55-C0DE-5E2D-DBB2-DAE94A63E228}.SSMS20_Release|Any CPU.ActiveCfg = SSMS20_Release|Any CPU
		{ED15BD55-C0DE-5E2D-DBB2-DAE94A63E228}.SSMS20_Release|Any CPU.Build.0 = SSMS20_Release|Any CPU
		{ED15BD55-C0DE-5E2D-DBB2-DAE94A63E228}.SSMS20_Release|x86.ActiveCfg = SSMS20_Release|Any CPU
		{ED15BD55-C0DE-5E2D-DBB2-DAE94A63E228}.SSMS20_Release|x86.Build.0 = SSMS20_Release|Any CPU
		{ED15BD55-C0DE-5E2D-DBB2-DAE94A63E228}.SSMS21_Debug|Any CPU.ActiveCfg = SSMS21_Debug|Any CPU
		{ED15BD55-C0DE-5E2D-DBB2-DAE94A63E228}.SSMS21_Debug|Any CPU.Build.0 = SSMS21_Debug|Any CPU
		{ED15BD55-C0DE-5E2D-DBB2-DAE94A63E228}.SSMS21_Debug|x86.ActiveCfg = SSMS21_Debug|Any CPU
		{ED15BD55-C0DE-5E2D-DBB2-DAE94A63E228}.SSMS21_Debug|x86.Build.0 = SSMS21_Debug|Any CPU
		{ED15BD55-C0DE-5E2D-DBB2-DAE94A63E228}.SSMS21_Release|Any CPU.ActiveCfg = SSMS21_Release|Any CPU
		{ED15BD55-C0DE-5E2D-DBB2-DAE94A63E228}.SSMS21_Release|Any CPU.Build.0 = SSMS21_Release|Any CPU
		{ED15BD55-C0DE-5E2D-DBB2-DAE94A63E228}.SSMS21_Release|x86.ActiveCfg = SSMS21_Release|Any CPU
		{ED15BD55-C0DE-5E2D-DBB2-DAE94A63E228}.SSMS21_Release|x86.Build.0 = SSMS21_Release|Any CPU
		{1440C270-CDD2-2B70-ECAE-A30ACAF810E5}.Debug|Any CPU.ActiveCfg = SSMS19_Debug|Any CPU
		{1440C270-CDD2-2B70-ECAE-A30ACAF810E5}.Debug|Any CPU.Build.0 = SSMS19_Debug|Any CPU
		{1440C270-CDD2-2B70-ECAE-A30ACAF810E5}.Debug|x86.ActiveCfg = SSMS19_Debug|Any CPU
		{1440C270-CDD2-2B70-ECAE-A30ACAF810E5}.Debug|x86.Build.0 = SSMS19_Debug|Any CPU
		{1440C270-CDD2-2B70-ECAE-A30ACAF810E5}.Release|Any CPU.ActiveCfg = SSMS19_Debug|Any CPU
		{1440C270-CDD2-2B70-ECAE-A30ACAF810E5}.Release|Any CPU.Build.0 = SSMS19_Debug|Any CPU
		{1440C270-CDD2-2B70-ECAE-A30ACAF810E5}.Release|x86.ActiveCfg = SSMS19_Debug|Any CPU
		{1440C270-CDD2-2B70-ECAE-A30ACAF810E5}.Release|x86.Build.0 = SSMS19_Debug|Any CPU
		{1440C270-CDD2-2B70-ECAE-A30ACAF810E5}.SSMS19_Debug|Any CPU.ActiveCfg = SSMS19_Debug|Any CPU
		{1440C270-CDD2-2B70-ECAE-A30ACAF810E5}.SSMS19_Debug|Any CPU.Build.0 = SSMS19_Debug|Any CPU
		{1440C270-CDD2-2B70-ECAE-A30ACAF810E5}.SSMS19_Debug|x86.ActiveCfg = SSMS19_Debug|Any CPU
		{1440C270-CDD2-2B70-ECAE-A30ACAF810E5}.SSMS19_Debug|x86.Build.0 = SSMS19_Debug|Any CPU
		{1440C270-CDD2-2B70-ECAE-A30ACAF810E5}.SSMS19_Release|Any CPU.ActiveCfg = SSMS19_Release|Any CPU
		{1440C270-CDD2-2B70-ECAE-A30ACAF810E5}.SSMS19_Release|Any CPU.Build.0 = SSMS19_Release|Any CPU
		{1440C270-CDD2-2B70-ECAE-A30ACAF810E5}.SSMS19_Release|x86.ActiveCfg = SSMS19_Release|Any CPU
		{1440C270-CDD2-2B70-ECAE-A30ACAF810E5}.SSMS19_Release|x86.Build.0 = SSMS19_Release|Any CPU
		{1440C270-CDD2-2B70-ECAE-A30ACAF810E5}.SSMS20_Debug|Any CPU.ActiveCfg = SSMS20_Debug|Any CPU
		{1440C270-CDD2-2B70-ECAE-A30ACAF810E5}.SSMS20_Debug|Any CPU.Build.0 = SSMS20_Debug|Any CPU
		{1440C270-CDD2-2B70-ECAE-A30ACAF810E5}.SSMS20_Debug|x86.ActiveCfg = SSMS20_Debug|Any CPU
		{1440C270-CDD2-2B70-ECAE-A30ACAF810E5}.SSMS20_Debug|x86.Build.0 = SSMS20_Debug|Any CPU
		{1440C270-CDD2-2B70-ECAE-A30ACAF810E5}.SSMS20_Release|Any CPU.ActiveCfg = SSMS20_Release|Any CPU
		{1440C270-CDD2-2B70-ECAE-A30ACAF810E5}.SSMS20_Release|Any CPU.Build.0 = SSMS20_Release|Any CPU
		{1440C270-CDD2-2B70-ECAE-A30ACAF810E5}.SSMS20_Release|x86.ActiveCfg = SSMS20_Release|Any CPU
		{1440C270-CDD2-2B70-ECAE-A30ACAF810E5}.SSMS20_Release|x86.Build.0 = SSMS20_Release|Any CPU
		{1440C270-CDD2-2B70-ECAE-A30ACAF810E5}.SSMS21_Debug|Any CPU.ActiveCfg = SSMS21_Debug|Any CPU
		{1440C270-CDD2-2B70-ECAE-A30ACAF810E5}.SSMS21_Debug|Any CPU.Build.0 = SSMS21_Debug|Any CPU
		{1440C270-CDD2-2B70-ECAE-A30ACAF810E5}.SSMS21_Debug|x86.ActiveCfg = SSMS21_Debug|Any CPU
		{1440C270-CDD2-2B70-ECAE-A30ACAF810E5}.SSMS21_Debug|x86.Build.0 = SSMS21_Debug|Any CPU
		{1440C270-CDD2-2B70-ECAE-A30ACAF810E5}.SSMS21_Release|Any CPU.ActiveCfg = SSMS21_Release|Any CPU
		{1440C270-CDD2-2B70-ECAE-A30ACAF810E5}.SSMS21_Release|Any CPU.Build.0 = SSMS21_Release|Any CPU
		{1440C270-CDD2-2B70-ECAE-A30ACAF810E5}.SSMS21_Release|x86.ActiveCfg = SSMS21_Release|Any CPU
		{1440C270-CDD2-2B70-ECAE-A30ACAF810E5}.SSMS21_Release|x86.Build.0 = SSMS21_Release|Any CPU
		{57F4FED3-76B4-3448-2520-87B0DFD7EC4F}.Debug|Any CPU.ActiveCfg = SSMS19_Debug|Any CPU
		{57F4FED3-76B4-3448-2520-87B0DFD7EC4F}.Debug|Any CPU.Build.0 = SSMS19_Debug|Any CPU
		{57F4FED3-76B4-3448-2520-87B0DFD7EC4F}.Debug|x86.ActiveCfg = SSMS19_Debug|Any CPU
		{57F4FED3-76B4-3448-2520-87B0DFD7EC4F}.Debug|x86.Build.0 = SSMS19_Debug|Any CPU
		{57F4FED3-76B4-3448-2520-87B0DFD7EC4F}.Release|Any CPU.ActiveCfg = SSMS19_Debug|Any CPU
		{57F4FED3-76B4-3448-2520-87B0DFD7EC4F}.Release|Any CPU.Build.0 = SSMS19_Debug|Any CPU
		{57F4FED3-76B4-3448-2520-87B0DFD7EC4F}.Release|x86.ActiveCfg = SSMS19_Debug|Any CPU
		{57F4FED3-76B4-3448-2520-87B0DFD7EC4F}.Release|x86.Build.0 = SSMS19_Debug|Any CPU
		{57F4FED3-76B4-3448-2520-87B0DFD7EC4F}.SSMS19_Debug|Any CPU.ActiveCfg = SSMS19_Debug|Any CPU
		{57F4FED3-76B4-3448-2520-87B0DFD7EC4F}.SSMS19_Debug|Any CPU.Build.0 = SSMS19_Debug|Any CPU
		{57F4FED3-76B4-3448-2520-87B0DFD7EC4F}.SSMS19_Debug|x86.ActiveCfg = SSMS19_Debug|Any CPU
		{57F4FED3-76B4-3448-2520-87B0DFD7EC4F}.SSMS19_Debug|x86.Build.0 = SSMS19_Debug|Any CPU
		{57F4FED3-76B4-3448-2520-87B0DFD7EC4F}.SSMS19_Release|Any CPU.ActiveCfg = SSMS19_Release|Any CPU
		{57F4FED3-76B4-3448-2520-87B0DFD7EC4F}.SSMS19_Release|Any CPU.Build.0 = SSMS19_Release|Any CPU
		{57F4FED3-76B4-3448-2520-87B0DFD7EC4F}.SSMS19_Release|x86.ActiveCfg = SSMS19_Release|Any CPU
		{57F4FED3-76B4-3448-2520-87B0DFD7EC4F}.SSMS19_Release|x86.Build.0 = SSMS19_Release|Any CPU
		{57F4FED3-76B4-3448-2520-87B0DFD7EC4F}.SSMS20_Debug|Any CPU.ActiveCfg = SSMS20_Debug|Any CPU
		{57F4FED3-76B4-3448-2520-87B0DFD7EC4F}.SSMS20_Debug|Any CPU.Build.0 = SSMS20_Debug|Any CPU
		{57F4FED3-76B4-3448-2520-87B0DFD7EC4F}.SSMS20_Debug|x86.ActiveCfg = SSMS20_Debug|Any CPU
		{57F4FED3-76B4-3448-2520-87B0DFD7EC4F}.SSMS20_Debug|x86.Build.0 = SSMS20_Debug|Any CPU
		{57F4FED3-76B4-3448-2520-87B0DFD7EC4F}.SSMS20_Release|Any CPU.ActiveCfg = SSMS20_Release|Any CPU
		{57F4FED3-76B4-3448-2520-87B0DFD7EC4F}.SSMS20_Release|Any CPU.Build.0 = SSMS20_Release|Any CPU
		{57F4FED3-76B4-3448-2520-87B0DFD7EC4F}.SSMS20_Release|x86.ActiveCfg = SSMS20_Release|Any CPU
		{57F4FED3-76B4-3448-2520-87B0DFD7EC4F}.SSMS20_Release|x86.Build.0 = SSMS20_Release|Any CPU
		{57F4FED3-76B4-3448-2520-87B0DFD7EC4F}.SSMS21_Debug|Any CPU.ActiveCfg = SSMS21_Debug|Any CPU
		{57F4FED3-76B4-3448-2520-87B0DFD7EC4F}.SSMS21_Debug|Any CPU.Build.0 = SSMS21_Debug|Any CPU
		{57F4FED3-76B4-3448-2520-87B0DFD7EC4F}.SSMS21_Debug|x86.ActiveCfg = SSMS21_Debug|Any CPU
		{57F4FED3-76B4-3448-2520-87B0DFD7EC4F}.SSMS21_Debug|x86.Build.0 = SSMS21_Debug|Any CPU
		{57F4FED3-76B4-3448-2520-87B0DFD7EC4F}.SSMS21_Release|Any CPU.ActiveCfg = SSMS21_Release|Any CPU
		{57F4FED3-76B4-3448-2520-87B0DFD7EC4F}.SSMS21_Release|Any CPU.Build.0 = SSMS21_Release|Any CPU
		{57F4FED3-76B4-3448-2520-87B0DFD7EC4F}.SSMS21_Release|x86.ActiveCfg = SSMS21_Release|Any CPU
		{57F4FED3-76B4-3448-2520-87B0DFD7EC4F}.SSMS21_Release|x86.Build.0 = SSMS21_Release|Any CPU
		{18074C46-4876-2E3E-C19D-2BE09F7D1592}.Debug|Any CPU.ActiveCfg = SSMS19_Debug|Any CPU
		{18074C46-4876-2E3E-C19D-2BE09F7D1592}.Debug|Any CPU.Build.0 = SSMS19_Debug|Any CPU
		{18074C46-4876-2E3E-C19D-2BE09F7D1592}.Debug|x86.ActiveCfg = SSMS19_Debug|Any CPU
		{18074C46-4876-2E3E-C19D-2BE09F7D1592}.Debug|x86.Build.0 = SSMS19_Debug|Any CPU
		{18074C46-4876-2E3E-C19D-2BE09F7D1592}.Release|Any CPU.ActiveCfg = SSMS19_Debug|Any CPU
		{18074C46-4876-2E3E-C19D-2BE09F7D1592}.Release|Any CPU.Build.0 = SSMS19_Debug|Any CPU
		{18074C46-4876-2E3E-C19D-2BE09F7D1592}.Release|x86.ActiveCfg = SSMS19_Debug|Any CPU
		{18074C46-4876-2E3E-C19D-2BE09F7D1592}.Release|x86.Build.0 = SSMS19_Debug|Any CPU
		{18074C46-4876-2E3E-C19D-2BE09F7D1592}.SSMS19_Debug|Any CPU.ActiveCfg = SSMS19_Debug|Any CPU
		{18074C46-4876-2E3E-C19D-2BE09F7D1592}.SSMS19_Debug|Any CPU.Build.0 = SSMS19_Debug|Any CPU
		{18074C46-4876-2E3E-C19D-2BE09F7D1592}.SSMS19_Debug|x86.ActiveCfg = SSMS19_Debug|Any CPU
		{18074C46-4876-2E3E-C19D-2BE09F7D1592}.SSMS19_Debug|x86.Build.0 = SSMS19_Debug|Any CPU
		{18074C46-4876-2E3E-C19D-2BE09F7D1592}.SSMS19_Release|Any CPU.ActiveCfg = SSMS19_Release|Any CPU
		{18074C46-4876-2E3E-C19D-2BE09F7D1592}.SSMS19_Release|Any CPU.Build.0 = SSMS19_Release|Any CPU
		{18074C46-4876-2E3E-C19D-2BE09F7D1592}.SSMS19_Release|x86.ActiveCfg = SSMS19_Release|Any CPU
		{18074C46-4876-2E3E-C19D-2BE09F7D1592}.SSMS19_Release|x86.Build.0 = SSMS19_Release|Any CPU
		{18074C46-4876-2E3E-C19D-2BE09F7D1592}.SSMS20_Debug|Any CPU.ActiveCfg = SSMS20_Debug|Any CPU
		{18074C46-4876-2E3E-C19D-2BE09F7D1592}.SSMS20_Debug|Any CPU.Build.0 = SSMS20_Debug|Any CPU
		{18074C46-4876-2E3E-C19D-2BE09F7D1592}.SSMS20_Debug|x86.ActiveCfg = SSMS20_Debug|Any CPU
		{18074C46-4876-2E3E-C19D-2BE09F7D1592}.SSMS20_Debug|x86.Build.0 = SSMS20_Debug|Any CPU
		{18074C46-4876-2E3E-C19D-2BE09F7D1592}.SSMS20_Release|Any CPU.ActiveCfg = SSMS20_Release|Any CPU
		{18074C46-4876-2E3E-C19D-2BE09F7D1592}.SSMS20_Release|Any CPU.Build.0 = SSMS20_Release|Any CPU
		{18074C46-4876-2E3E-C19D-2BE09F7D1592}.SSMS20_Release|x86.ActiveCfg = SSMS20_Release|Any CPU
		{18074C46-4876-2E3E-C19D-2BE09F7D1592}.SSMS20_Release|x86.Build.0 = SSMS20_Release|Any CPU
		{18074C46-4876-2E3E-C19D-2BE09F7D1592}.SSMS21_Debug|Any CPU.ActiveCfg = SSMS21_Debug|Any CPU
		{18074C46-4876-2E3E-C19D-2BE09F7D1592}.SSMS21_Debug|Any CPU.Build.0 = SSMS21_Debug|Any CPU
		{18074C46-4876-2E3E-C19D-2BE09F7D1592}.SSMS21_Debug|x86.ActiveCfg = SSMS21_Debug|Any CPU
		{18074C46-4876-2E3E-C19D-2BE09F7D1592}.SSMS21_Debug|x86.Build.0 = SSMS21_Debug|Any CPU
		{18074C46-4876-2E3E-C19D-2BE09F7D1592}.SSMS21_Release|Any CPU.ActiveCfg = SSMS21_Release|Any CPU
		{18074C46-4876-2E3E-C19D-2BE09F7D1592}.SSMS21_Release|Any CPU.Build.0 = SSMS21_Release|Any CPU
		{18074C46-4876-2E3E-C19D-2BE09F7D1592}.SSMS21_Release|x86.ActiveCfg = SSMS21_Release|Any CPU
		{18074C46-4876-2E3E-C19D-2BE09F7D1592}.SSMS21_Release|x86.Build.0 = SSMS21_Release|Any CPU
	EndGlobalSection
	GlobalSection(SolutionProperties) = preSolution
		HideSolutionNode = FALSE
	EndGlobalSection
	GlobalSection(ExtensibilityGlobals) = postSolution
		SolutionGuid = {CB664286-0BC0-4674-91B8-7F9B953CEF06}
	EndGlobalSection
EndGlobal
