
Microsoft Visual Studio Solution File, Format Version 12.00
# Visual Studio Version 17
VisualStudioVersion = 17.14.36401.2
MinimumVisualStudioVersion = 10.0.40219.1
Project("{FAE04EC0-301F-11D3-BF4B-00C04F79EFBC}") = "SSMSMint.Core", "SSMSMint.Core\SSMSMint.Core.csproj", "{1626F617-1FF5-B200-19D2-2241AEBCC23C}"
EndProject
Project("{FAE04EC0-301F-11D3-BF4B-00C04F79EFBC}") = "SSMSMint.Features", "SSMSMint.Features\SSMSMint.Features.csproj", "{DBF73C8C-13E1-32FE-BCE9-5729761D6A8D}"
EndProject
Project("{FAE04EC0-301F-11D3-BF4B-00C04F79EFBC}") = "SSMSMint.SSMS2019", "SSMSMint.SSMS2019\SSMSMint.SSMS2019.csproj", "{84B8AE93-5034-46BE-AEC1-BFC3C3CCF0DF}"
EndProject
Project("{FAE04EC0-301F-11D3-BF4B-00C04F79EFBC}") = "SSMSMint.SSMS2020", "SSMSMint.SSMS2020\SSMSMint.SSMS2020.csproj", "{875FA2EC-72A9-4DE6-9B69-CF9114EEDDFD}"
EndProject
Project("{FAE04EC0-301F-11D3-BF4B-00C04F79EFBC}") = "SSMSMint.SSMS2021", "SSMSMint.SSMS2021\SSMSMint.SSMS2021.csproj", "{ECFBCB83-41C3-43A3-AA41-CA487B07A920}"
EndProject
Project("{FAE04EC0-301F-11D3-BF4B-00C04F79EFBC}") = "SSMSMint.SSMS2022", "SSMSMint.SSMS2022\SSMSMint.SSMS2022.csproj", "{8092809F-0922-4CBB-B190-7081324597D5}"
EndProject
Global
	GlobalSection(SolutionConfigurationPlatforms) = preSolution
		Debug|Any CPU = Debug|Any CPU
		Release|Any CPU = Release|Any CPU
	EndGlobalSection
	GlobalSection(ProjectConfigurationPlatforms) = postSolution
		{1626F617-1FF5-B200-19D2-2241AEBCC23C}.Debug|Any CPU.ActiveCfg = Debug|Any CPU
		{1626F617-1FF5-B200-19D2-2241AEBCC23C}.Debug|Any CPU.Build.0 = Debug|Any CPU
		{1626F617-1FF5-B200-19D2-2241AEBCC23C}.Release|Any CPU.ActiveCfg = Release|Any CPU
		{1626F617-1FF5-B200-19D2-2241AEBCC23C}.Release|Any CPU.Build.0 = Release|Any CPU
		{DBF73C8C-13E1-32FE-BCE9-5729761D6A8D}.Debug|Any CPU.ActiveCfg = Debug|Any CPU
		{DBF73C8C-13E1-32FE-BCE9-5729761D6A8D}.Debug|Any CPU.Build.0 = Debug|Any CPU
		{DBF73C8C-13E1-32FE-BCE9-5729761D6A8D}.Release|Any CPU.ActiveCfg = Release|Any CPU
		{DBF73C8C-13E1-32FE-BCE9-5729761D6A8D}.Release|Any CPU.Build.0 = Release|Any CPU
		{84B8AE93-5034-46BE-AEC1-BFC3C3CCF0DF}.Debug|Any CPU.ActiveCfg = Debug|Any CPU
		{84B8AE93-5034-46BE-AEC1-BFC3C3CCF0DF}.Debug|Any CPU.Build.0 = Debug|Any CPU
		{84B8AE93-5034-46BE-AEC1-BFC3C3CCF0DF}.Release|Any CPU.ActiveCfg = Release|Any CPU
		{84B8AE93-5034-46BE-AEC1-BFC3C3CCF0DF}.Release|Any CPU.Build.0 = Release|Any CPU
		{875FA2EC-72A9-4DE6-9B69-CF9114EEDDFD}.Debug|Any CPU.ActiveCfg = Debug|Any CPU
		{875FA2EC-72A9-4DE6-9B69-CF9114EEDDFD}.Debug|Any CPU.Build.0 = Debug|Any CPU
		{875FA2EC-72A9-4DE6-9B69-CF9114EEDDFD}.Release|Any CPU.ActiveCfg = Release|Any CPU
		{875FA2EC-72A9-4DE6-9B69-CF9114EEDDFD}.Release|Any CPU.Build.0 = Release|Any CPU
		{ECFBCB83-41C3-43A3-AA41-CA487B07A920}.Debug|Any CPU.ActiveCfg = Debug|Any CPU
		{ECFBCB83-41C3-43A3-AA41-CA487B07A920}.Debug|Any CPU.Build.0 = Debug|Any CPU
		{ECFBCB83-41C3-43A3-AA41-CA487B07A920}.Release|Any CPU.ActiveCfg = Release|Any CPU
		{ECFBCB83-41C3-43A3-AA41-CA487B07A920}.Release|Any CPU.Build.0 = Release|Any CPU
		{8092809F-0922-4CBB-B190-7081324597D5}.Debug|Any CPU.ActiveCfg = Debug|Any CPU
		{8092809F-0922-4CBB-B190-7081324597D5}.Debug|Any CPU.Build.0 = Debug|Any CPU
		{8092809F-0922-4CBB-B190-7081324597D5}.Release|Any CPU.ActiveCfg = Release|Any CPU
		{8092809F-0922-4CBB-B190-7081324597D5}.Release|Any CPU.Build.0 = Release|Any CPU
	EndGlobalSection
	GlobalSection(SolutionProperties) = preSolution
		HideSolutionNode = FALSE
	EndGlobalSection
	GlobalSection(ExtensibilityGlobals) = postSolution
		SolutionGuid = {CB664286-0BC0-4674-91B8-7F9B953CEF06}
	EndGlobalSection
EndGlobal
